
Microsoft Visual Studio Solution File, Format Version 12.00
# Visual Studio Version 17
VisualStudioVersion = 17.5.33530.505
MinimumVisualStudioVersion = 10.0.40219.1
Project("{8BC9CEB8-8B4A-11D0-8D11-00A0C91BC942}") = "staticmember_041", "staticmember_041\staticmember_041.vcxproj", "{2E25F088-5E2C-40AA-969B-C3C3ACF02A11}"
EndProject
Project("{8BC9CEB8-8B4A-11D0-8D11-00A0C91BC942}") = "mbrstatic func_041", "mbrstatic func_041\mbrstatic func_041.vcxproj", "{8ADC9CD8-4A7B-4D39-82EA-3632B9AA4EE0}"
EndProject
Project("{8BC9CEB8-8B4A-11D0-8D11-00A0C91BC942}") = "construktor func_041", "construktor func_041\construktor func_041.vcxproj", "{89228F4E-C12E-4B20-B114-7B76FA41D85C}"
EndProject
Project("{8BC9CEB8-8B4A-11D0-8D11-00A0C91BC942}") = "destruktor func_041", "destruktor func_041\destruktor func_041.vcxproj", "{941BE5EA-3154-493D-8ABE-F5BD123F3031}"
EndProject
Project("{8BC9CEB8-8B4A-11D0-8D11-00A0C91BC942}") = "chainfunction_041", "chainfunction_041\chainfunction_041.vcxproj", "{F2BA1BAF-8547-4A38-BEB9-45E212067DD3}"
EndProject
Global
	GlobalSection(SolutionConfigurationPlatforms) = preSolution
		Debug|x64 = Debug|x64
		Debug|x86 = Debug|x86
		Release|x64 = Release|x64
		Release|x86 = Release|x86
	EndGlobalSection
	GlobalSection(ProjectConfigurationPlatforms) = postSolution
		{2E25F088-5E2C-40AA-969B-C3C3ACF02A11}.Debug|x64.ActiveCfg = Debug|x64
		{2E25F088-5E2C-40AA-969B-C3C3ACF02A11}.Debug|x64.Build.0 = Debug|x64
		{2E25F088-5E2C-40AA-969B-C3C3ACF02A11}.Debug|x86.ActiveCfg = Debug|Win32
		{2E25F088-5E2C-40AA-969B-C3C3ACF02A11}.Debug|x86.Build.0 = Debug|Win32
		{2E25F088-5E2C-40AA-969B-C3C3ACF02A11}.Release|x64.ActiveCfg = Release|x64
		{2E25F088-5E2C-40AA-969B-C3C3ACF02A11}.Release|x64.Build.0 = Release|x64
		{2E25F088-5E2C-40AA-969B-C3C3ACF02A11}.Release|x86.ActiveCfg = Release|Win32
		{2E25F088-5E2C-40AA-969B-C3C3ACF02A11}.Release|x86.Build.0 = Release|Win32
		{8ADC9CD8-4A7B-4D39-82EA-3632B9AA4EE0}.Debug|x64.ActiveCfg = Debug|x64
		{8ADC9CD8-4A7B-4D39-82EA-3632B9AA4EE0}.Debug|x64.Build.0 = Debug|x64
		{8ADC9CD8-4A7B-4D39-82EA-3632B9AA4EE0}.Debug|x86.ActiveCfg = Debug|Win32
		{8ADC9CD8-4A7B-4D39-82EA-3632B9AA4EE0}.Debug|x86.Build.0 = Debug|Win32
		{8ADC9CD8-4A7B-4D39-82EA-3632B9AA4EE0}.Release|x64.ActiveCfg = Release|x64
		{8ADC9CD8-4A7B-4D39-82EA-3632B9AA4EE0}.Release|x64.Build.0 = Release|x64
		{8ADC9CD8-4A7B-4D39-82EA-3632B9AA4EE0}.Release|x86.ActiveCfg = Release|Win32
		{8ADC9CD8-4A7B-4D39-82EA-3632B9AA4EE0}.Release|x86.Build.0 = Release|Win32
		{89228F4E-C12E-4B20-B114-7B76FA41D85C}.Debug|x64.ActiveCfg = Debug|x64
		{89228F4E-C12E-4B20-B114-7B76FA41D85C}.Debug|x64.Build.0 = Debug|x64
		{89228F4E-C12E-4B20-B114-7B76FA41D85C}.Debug|x86.ActiveCfg = Debug|Win32
		{89228F4E-C12E-4B20-B114-7B76FA41D85C}.Debug|x86.Build.0 = Debug|Win32
		{89228F4E-C12E-4B20-B114-7B76FA41D85C}.Release|x64.ActiveCfg = Release|x64
		{89228F4E-C12E-4B20-B114-7B76FA41D85C}.Release|x64.Build.0 = Release|x64
		{89228F4E-C12E-4B20-B114-7B76FA41D85C}.Release|x86.ActiveCfg = Release|Win32
		{89228F4E-C12E-4B20-B114-7B76FA41D85C}.Release|x86.Build.0 = Release|Win32
		{941BE5EA-3154-493D-8ABE-F5BD123F3031}.Debug|x64.ActiveCfg = Debug|x64
		{941BE5EA-3154-493D-8ABE-F5BD123F3031}.Debug|x64.Build.0 = Debug|x64
		{941BE5EA-3154-493D-8ABE-F5BD123F3031}.Debug|x86.ActiveCfg = Debug|Win32
		{941BE5EA-3154-493D-8ABE-F5BD123F3031}.Debug|x86.Build.0 = Debug|Win32
		{941BE5EA-3154-493D-8ABE-F5BD123F3031}.Release|x64.ActiveCfg = Release|x64
		{941BE5EA-3154-493D-8ABE-F5BD123F3031}.Release|x64.Build.0 = Release|x64
		{941BE5EA-3154-493D-8ABE-F5BD123F3031}.Release|x86.ActiveCfg = Release|Win32
		{941BE5EA-3154-493D-8ABE-F5BD123F3031}.Release|x86.Build.0 = Release|Win32
		{F2BA1BAF-8547-4A38-BEB9-45E212067DD3}.Debug|x64.ActiveCfg = Debug|x64
		{F2BA1BAF-8547-4A38-BEB9-45E212067DD3}.Debug|x64.Build.0 = Debug|x64
		{F2BA1BAF-8547-4A38-BEB9-45E212067DD3}.Debug|x86.ActiveCfg = Debug|Win32
		{F2BA1BAF-8547-4A38-BEB9-45E212067DD3}.Debug|x86.Build.0 = Debug|Win32
		{F2BA1BAF-8547-4A38-BEB9-45E212067DD3}.Release|x64.ActiveCfg = Release|x64
		{F2BA1BAF-8547-4A38-BEB9-45E212067DD3}.Release|x64.Build.0 = Release|x64
		{F2BA1BAF-8547-4A38-BEB9-45E212067DD3}.Release|x86.ActiveCfg = Release|Win32
		{F2BA1BAF-8547-4A38-BEB9-45E212067DD3}.Release|x86.Build.0 = Release|Win32
	EndGlobalSection
	GlobalSection(SolutionProperties) = preSolution
		HideSolutionNode = FALSE
	EndGlobalSection
	GlobalSection(ExtensibilityGlobals) = postSolution
		SolutionGuid = {E674F1EF-C7CD-4687-83F3-E52C167D5FA5}
	EndGlobalSection
EndGlobal
